{
  "version": 4,
  "terraform_version": "1.2.4",
  "serial": 3,
  "lineage": "5fd112ad-9efc-b023-d7e1-942ed426d0df",
  "outputs": {},
  "resources": [
    {
      "mode": "managed",
      "type": "aws_instance",
      "name": "dovetest-instance",
      "provider": "provider[\"registry.terraform.io/hashicorp/aws\"]",
      "instances": [
        {
          "schema_version": 1,
          "attributes": {
            "ami": "ami-0cff7528ff583bf9a",
            "arn": "arn:aws:ec2:us-east-1:168226207491:instance/i-0439c3a33770df6bf",
            "associate_public_ip_address": true,
            "availability_zone": "us-east-1b",
            "capacity_reservation_specification": [
              {
                "capacity_reservation_preference": "open",
                "capacity_reservation_target": []
              }
            ],
            "cpu_core_count": 1,
            "cpu_threads_per_core": 1,
            "credit_specification": [
              {
                "cpu_credits": "standard"
              }
            ],
            "disable_api_stop": false,
            "disable_api_termination": false,
            "ebs_block_device": [],
            "ebs_optimized": false,
            "enclave_options": [
              {
                "enabled": false
              }
            ],
            "ephemeral_block_device": [],
            "get_password_data": false,
            "hibernation": false,
            "host_id": null,
            "iam_instance_profile": "",
            "id": "i-0439c3a33770df6bf",
            "instance_initiated_shutdown_behavior": "stop",
            "instance_state": "running",
            "instance_type": "t2.micro",
            "ipv6_address_count": 0,
            "ipv6_addresses": [],
            "key_name": "dovekey",
            "launch_template": [],
            "maintenance_options": [
              {
                "auto_recovery": "default"
              }
            ],
            "metadata_options": [
              {
                "http_endpoint": "enabled",
                "http_put_response_hop_limit": 1,
                "http_tokens": "optional",
                "instance_metadata_tags": "disabled"
              }
            ],
            "monitoring": false,
            "network_interface": [],
            "outpost_arn": "",
            "password_data": "",
            "placement_group": "",
            "placement_partition_number": null,
            "primary_network_interface_id": "eni-0deb96a6248efc7c0",
            "private_dns": "ip-172-31-83-55.ec2.internal",
            "private_dns_name_options": [
              {
                "enable_resource_name_dns_a_record": false,
                "enable_resource_name_dns_aaaa_record": false,
                "hostname_type": "ip-name"
              }
            ],
            "private_ip": "172.31.83.55",
            "public_dns": "ec2-3-84-101-197.compute-1.amazonaws.com",
            "public_ip": "3.84.101.197",
            "root_block_device": [
              {
                "delete_on_termination": true,
                "device_name": "/dev/xvda",
                "encrypted": false,
                "iops": 100,
                "kms_key_id": "",
                "tags": {},
                "throughput": 0,
                "volume_id": "vol-0ea9a57f1fe36aad6",
                "volume_size": 8,
                "volume_type": "gp2"
              }
            ],
            "secondary_private_ips": [],
            "security_groups": [
              "adminsecurity"
            ],
            "source_dest_check": true,
            "subnet_id": "subnet-4b097e6a",
            "tags": {
              "Name": "dovetest-instance",
              "project": "terradata"
            },
            "tags_all": {
              "Name": "dovetest-instance",
              "project": "terradata"
            },
            "tenancy": "default",
            "timeouts": null,
            "user_data": null,
            "user_data_base64": null,
            "user_data_replace_on_change": false,
            "volume_tags": null,
            "vpc_security_group_ids": [
              "sg-04de39b5de5781af2"
            ]
          },
          "sensitive_attributes": [],
          "private": "eyJlMmJmYjczMC1lY2FhLTExZTYtOGY4OC0zNDM2M2JjN2M0YzAiOnsiY3JlYXRlIjo2MDAwMDAwMDAwMDAsImRlbGV0ZSI6MTIwMDAwMDAwMDAwMCwidXBkYXRlIjo2MDAwMDAwMDAwMDB9LCJzY2hlbWFfdmVyc2lvbiI6IjEifQ==",
          "dependencies": [
            "aws_key_pair.dove-key"
          ]
        }
      ]
    },
    {
      "mode": "managed",
      "type": "aws_key_pair",
      "name": "dove-key",
      "provider": "provider[\"registry.terraform.io/hashicorp/aws\"]",
      "instances": [
        {
          "schema_version": 1,
          "attributes": {
            "arn": "arn:aws:ec2:us-east-1:168226207491:key-pair/dovekey",
            "fingerprint": "9a:c8:e6:74:76:0d:d4:05:3e:48:ad:41:11:4a:1a:cd",
            "id": "dovekey",
            "key_name": "dovekey",
            "key_name_prefix": "",
            "key_pair_id": "key-078da5689e119f91b",
            "key_type": "rsa",
            "public_key": "ssh-rsa AAAAB3NzaC1yc2EAAAADAQABAAABgQC/77l9xLI266L1K4d4yEWMDhLUpzV70MGEpXbXCWIWiJxs5cF2bHSUq/khRnJFmrGvtoWpS8lNG6l3ZC+GNh8CFWMMQtjq+N4koLR3wEHaIIj609lB9hxqfKs1Xj1av/EIn+2NQ39cc6SDyIXfDanSdPH+SKkr/i9kRlLWXh3HlKzaOnRL4BqUg8cT3/1LKOWOkfJ5BgxrqCB12zShID7XEvbmSP1iyQXgfmcuPrLHk6v8TbumL7uO71sGz/IMQRWVbsR9qWTdpc7XkibDF04GpGxEhGZ6lGsT8/xU1+f4BLad2N5P8MuCOnbeTE3jNq+qMCy8XTCqzlLXCUf3WWxGhQ8ncmNfcY5Y103vLfVixmN6ZSrCUw+V1qcEh4UWwI+1t7zcBrSJAbgD+vtDJQoU3/OcvPi8RUmI//pqRm2XIHWmJBgLmF3x9LRxPiC4woSMttGhHY93KKCPOY2UFDU7Z5b28wOanCwVn6H4j7z7jxA/0kkG0SfEXJOT/wOEQkE= MOHAN@SAYONARA",
            "tags": null,
            "tags_all": {}
          },
          "sensitive_attributes": [],
          "private": "eyJzY2hlbWFfdmVyc2lvbiI6IjEifQ=="
        }
      ]
    }
  ]
}
